
Microsoft Visual Studio Solution File, Format Version 12.00
# Visual Studio Version 16
VisualStudioVersion = 16.0.29728.190
MinimumVisualStudioVersion = 10.0.40219.1
Project("{FAE04EC0-301F-11D3-BF4B-00C04F79EFBC}") = "Net.Business.DTO", "Net.Business.DTO\Net.Business.DTO.csproj", "{A3845C10-8D9D-4C5B-A8A4-4EA304FC803F}"
EndProject
Project("{FAE04EC0-301F-11D3-BF4B-00C04F79EFBC}") = "Net.Business.Entities", "Net.Business.Entities\Net.Business.Entities.csproj", "{22DA0D04-522B-4658-B9E2-02BDCDA59779}"
EndProject
Project("{FAE04EC0-301F-11D3-BF4B-00C04F79EFBC}") = "Net.Connection", "Net.Connection\Net.Connection.csproj", "{BF978DB5-9E49-44A1-9BDB-FD78EF40BB8F}"
EndProject
Project("{FAE04EC0-301F-11D3-BF4B-00C04F79EFBC}") = "Net.Connection.Attributes", "Net.Connection.Attributes\Net.Connection.Attributes.csproj", "{3EA5FA45-9881-4F5E-90DC-B55FD754A64B}"
EndProject
Project("{FAE04EC0-301F-11D3-BF4B-00C04F79EFBC}") = "Net.Data", "Net.Data\Net.Data.csproj", "{58A8E895-FE59-43B8-8D5E-E36A5B1B7E86}"
EndProject
Project("{FAE04EC0-301F-11D3-BF4B-00C04F79EFBC}") = "Net.Business.Services", "Net.Business.Services\Net.Business.Services.csproj", "{4072D80F-B4C7-4163-856E-6DF52A625AF3}"
EndProject
Global
	GlobalSection(SolutionConfigurationPlatforms) = preSolution
		Debug|Any CPU = Debug|Any CPU
		Release|Any CPU = Release|Any CPU
	EndGlobalSection
	GlobalSection(ProjectConfigurationPlatforms) = postSolution
		{A3845C10-8D9D-4C5B-A8A4-4EA304FC803F}.Debug|Any CPU.ActiveCfg = Debug|Any CPU
		{A3845C10-8D9D-4C5B-A8A4-4EA304FC803F}.Debug|Any CPU.Build.0 = Debug|Any CPU
		{A3845C10-8D9D-4C5B-A8A4-4EA304FC803F}.Release|Any CPU.ActiveCfg = Release|Any CPU
		{A3845C10-8D9D-4C5B-A8A4-4EA304FC803F}.Release|Any CPU.Build.0 = Release|Any CPU
		{22DA0D04-522B-4658-B9E2-02BDCDA59779}.Debug|Any CPU.ActiveCfg = Debug|Any CPU
		{22DA0D04-522B-4658-B9E2-02BDCDA59779}.Debug|Any CPU.Build.0 = Debug|Any CPU
		{22DA0D04-522B-4658-B9E2-02BDCDA59779}.Release|Any CPU.ActiveCfg = Release|Any CPU
		{22DA0D04-522B-4658-B9E2-02BDCDA59779}.Release|Any CPU.Build.0 = Release|Any CPU
		{BF978DB5-9E49-44A1-9BDB-FD78EF40BB8F}.Debug|Any CPU.ActiveCfg = Debug|Any CPU
		{BF978DB5-9E49-44A1-9BDB-FD78EF40BB8F}.Debug|Any CPU.Build.0 = Debug|Any CPU
		{BF978DB5-9E49-44A1-9BDB-FD78EF40BB8F}.Release|Any CPU.ActiveCfg = Release|Any CPU
		{BF978DB5-9E49-44A1-9BDB-FD78EF40BB8F}.Release|Any CPU.Build.0 = Release|Any CPU
		{3EA5FA45-9881-4F5E-90DC-B55FD754A64B}.Debug|Any CPU.ActiveCfg = Debug|Any CPU
		{3EA5FA45-9881-4F5E-90DC-B55FD754A64B}.Debug|Any CPU.Build.0 = Debug|Any CPU
		{3EA5FA45-9881-4F5E-90DC-B55FD754A64B}.Release|Any CPU.ActiveCfg = Release|Any CPU
		{3EA5FA45-9881-4F5E-90DC-B55FD754A64B}.Release|Any CPU.Build.0 = Release|Any CPU
		{58A8E895-FE59-43B8-8D5E-E36A5B1B7E86}.Debug|Any CPU.ActiveCfg = Debug|Any CPU
		{58A8E895-FE59-43B8-8D5E-E36A5B1B7E86}.Debug|Any CPU.Build.0 = Debug|Any CPU
		{58A8E895-FE59-43B8-8D5E-E36A5B1B7E86}.Release|Any CPU.ActiveCfg = Release|Any CPU
		{58A8E895-FE59-43B8-8D5E-E36A5B1B7E86}.Release|Any CPU.Build.0 = Release|Any CPU
		{4072D80F-B4C7-4163-856E-6DF52A625AF3}.Debug|Any CPU.ActiveCfg = Debug|Any CPU
		{4072D80F-B4C7-4163-856E-6DF52A625AF3}.Debug|Any CPU.Build.0 = Debug|Any CPU
		{4072D80F-B4C7-4163-856E-6DF52A625AF3}.Release|Any CPU.ActiveCfg = Release|Any CPU
		{4072D80F-B4C7-4163-856E-6DF52A625AF3}.Release|Any CPU.Build.0 = Release|Any CPU
	EndGlobalSection
	GlobalSection(SolutionProperties) = preSolution
		HideSolutionNode = FALSE
	EndGlobalSection
	GlobalSection(ExtensibilityGlobals) = postSolution
		SolutionGuid = {1C227286-5C9F-476D-8104-1D3F119ED084}
	EndGlobalSection
EndGlobal
